// !$*UTF8*$!
{
	archiveVersion = 1;
	classes = {
	};
	objectVersion = 50;
	objects = {

/* Begin PBXBuildFile section */
		7A3A753C3E3B9A711A632320 /* Pods_LineCommon.framework in Frameworks */ = {isa = PBXBuildFile; fileRef = 4A8219059E9CF5448C64C078 /* Pods_LineCommon.framework */; };
		F0DB2420239CE25C00664CDF /* AppDelegate.swift in Sources */ = {isa = PBXBuildFile; fileRef = F0DB241F239CE25C00664CDF /* AppDelegate.swift */; };
		F0DB2422239CE25C00664CDF /* SceneDelegate.swift in Sources */ = {isa = PBXBuildFile; fileRef = F0DB2421239CE25C00664CDF /* SceneDelegate.swift */; };
		F0DB2424239CE25C00664CDF /* LineShareViewController.swift in Sources */ = {isa = PBXBuildFile; fileRef = F0DB2423239CE25C00664CDF /* LineShareViewController.swift */; };
		F0DB2427239CE25C00664CDF /* Main.storyboard in Resources */ = {isa = PBXBuildFile; fileRef = F0DB2425239CE25C00664CDF /* Main.storyboard */; };
		F0DB2429239CE25F00664CDF /* Assets.xcassets in Resources */ = {isa = PBXBuildFile; fileRef = F0DB2428239CE25F00664CDF /* Assets.xcassets */; };
		F0DB242C239CE25F00664CDF /* LaunchScreen.storyboard in Resources */ = {isa = PBXBuildFile; fileRef = F0DB242A239CE25F00664CDF /* LaunchScreen.storyboard */; };
		F0DB2437239CE40600664CDF /* LineShareModel.swift in Sources */ = {isa = PBXBuildFile; fileRef = F0DB2436239CE40600664CDF /* LineShareModel.swift */; };
		F0DB2439239CE5F300664CDF /* LineSharePresenter.swift in Sources */ = {isa = PBXBuildFile; fileRef = F0DB2438239CE5F300664CDF /* LineSharePresenter.swift */; };
/* End PBXBuildFile section */

/* Begin PBXFileReference section */
		4A8219059E9CF5448C64C078 /* Pods_LineCommon.framework */ = {isa = PBXFileReference; explicitFileType = wrapper.framework; includeInIndex = 0; path = Pods_LineCommon.framework; sourceTree = BUILT_PRODUCTS_DIR; };
		7F534AE38901225673E3EB28 /* Pods-LineCommon.debug.xcconfig */ = {isa = PBXFileReference; includeInIndex = 1; lastKnownFileType = text.xcconfig; name = "Pods-LineCommon.debug.xcconfig"; path = "Target Support Files/Pods-LineCommon/Pods-LineCommon.debug.xcconfig"; sourceTree = "<group>"; };
		B58DD96C4743FAECAE51469A /* Pods-LineCommon.release.xcconfig */ = {isa = PBXFileReference; includeInIndex = 1; lastKnownFileType = text.xcconfig; name = "Pods-LineCommon.release.xcconfig"; path = "Target Support Files/Pods-LineCommon/Pods-LineCommon.release.xcconfig"; sourceTree = "<group>"; };
		F0DB241C239CE25C00664CDF /* LineCommon.app */ = {isa = PBXFileReference; explicitFileType = wrapper.application; includeInIndex = 0; path = LineCommon.app; sourceTree = BUILT_PRODUCTS_DIR; };
		F0DB241F239CE25C00664CDF /* AppDelegate.swift */ = {isa = PBXFileReference; lastKnownFileType = sourcecode.swift; path = AppDelegate.swift; sourceTree = "<group>"; };
		F0DB2421239CE25C00664CDF /* SceneDelegate.swift */ = {isa = PBXFileReference; lastKnownFileType = sourcecode.swift; path = SceneDelegate.swift; sourceTree = "<group>"; };
		F0DB2423239CE25C00664CDF /* LineShareViewController.swift */ = {isa = PBXFileReference; lastKnownFileType = sourcecode.swift; path = LineShareViewController.swift; sourceTree = "<group>"; };
		F0DB2426239CE25C00664CDF /* Base */ = {isa = PBXFileReference; lastKnownFileType = file.storyboard; name = Base; path = Base.lproj/Main.storyboard; sourceTree = "<group>"; };
		F0DB2428239CE25F00664CDF /* Assets.xcassets */ = {isa = PBXFileReference; lastKnownFileType = folder.assetcatalog; path = Assets.xcassets; sourceTree = "<group>"; };
		F0DB242B239CE25F00664CDF /* Base */ = {isa = PBXFileReference; lastKnownFileType = file.storyboard; name = Base; path = Base.lproj/LaunchScreen.storyboard; sourceTree = "<group>"; };
		F0DB242D239CE25F00664CDF /* Info.plist */ = {isa = PBXFileReference; lastKnownFileType = text.plist.xml; path = Info.plist; sourceTree = "<group>"; };
		F0DB2436239CE40600664CDF /* LineShareModel.swift */ = {isa = PBXFileReference; lastKnownFileType = sourcecode.swift; path = LineShareModel.swift; sourceTree = "<group>"; };
		F0DB2438239CE5F300664CDF /* LineSharePresenter.swift */ = {isa = PBXFileReference; lastKnownFileType = sourcecode.swift; path = LineSharePresenter.swift; sourceTree = "<group>"; };
/* End PBXFileReference section */

/* Begin PBXFrameworksBuildPhase section */
		F0DB2419239CE25C00664CDF /* Frameworks */ = {
			isa = PBXFrameworksBuildPhase;
			buildActionMask = 2147483647;
			files = (
				7A3A753C3E3B9A711A632320 /* Pods_LineCommon.framework in Frameworks */,
			);
			runOnlyForDeploymentPostprocessing = 0;
		};
/* End PBXFrameworksBuildPhase section */

/* Begin PBXGroup section */
		57DC98EB3A5DAC2C0944DD55 /* Frameworks */ = {
			isa = PBXGroup;
			children = (
				4A8219059E9CF5448C64C078 /* Pods_LineCommon.framework */,
			);
			name = Frameworks;
			sourceTree = "<group>";
		};
		E8633054D40EF5B5C17D1545 /* Pods */ = {
			isa = PBXGroup;
			children = (
				7F534AE38901225673E3EB28 /* Pods-LineCommon.debug.xcconfig */,
				B58DD96C4743FAECAE51469A /* Pods-LineCommon.release.xcconfig */,
			);
			name = Pods;
			path = Pods;
			sourceTree = "<group>";
		};
		F0DB2413239CE25C00664CDF = {
			isa = PBXGroup;
			children = (
				F0DB241E239CE25C00664CDF /* LineCommon */,
				F0DB241D239CE25C00664CDF /* Products */,
				E8633054D40EF5B5C17D1545 /* Pods */,
				57DC98EB3A5DAC2C0944DD55 /* Frameworks */,
			);
			sourceTree = "<group>";
		};
		F0DB241D239CE25C00664CDF /* Products */ = {
			isa = PBXGroup;
			children = (
				F0DB241C239CE25C00664CDF /* LineCommon.app */,
			);
			name = Products;
			sourceTree = "<group>";
		};
		F0DB241E239CE25C00664CDF /* LineCommon */ = {
			isa = PBXGroup;
			children = (
				F0DB2433239CE3A200664CDF /* ViewController */,
				F0DB2434239CE3BC00664CDF /* Presenter */,
				F0DB2435239CE3CC00664CDF /* Model */,
				F0DB241F239CE25C00664CDF /* AppDelegate.swift */,
				F0DB2421239CE25C00664CDF /* SceneDelegate.swift */,
				F0DB2425239CE25C00664CDF /* Main.storyboard */,
				F0DB2428239CE25F00664CDF /* Assets.xcassets */,
				F0DB242A239CE25F00664CDF /* LaunchScreen.storyboard */,
				F0DB242D239CE25F00664CDF /* Info.plist */,
			);
			path = LineCommon;
			sourceTree = "<group>";
		};
		F0DB2433239CE3A200664CDF /* ViewController */ = {
			isa = PBXGroup;
			children = (
				F0DB2423239CE25C00664CDF /* LineShareViewController.swift */,
			);
			path = ViewController;
			sourceTree = "<group>";
		};
		F0DB2434239CE3BC00664CDF /* Presenter */ = {
			isa = PBXGroup;
			children = (
				F0DB2438239CE5F300664CDF /* LineSharePresenter.swift */,
			);
			path = Presenter;
			sourceTree = "<group>";
		};
		F0DB2435239CE3CC00664CDF /* Model */ = {
			isa = PBXGroup;
			children = (
				F0DB2436239CE40600664CDF /* LineShareModel.swift */,
			);
			path = Model;
			sourceTree = "<group>";
		};
/* End PBXGroup section */

/* Begin PBXNativeTarget section */
		F0DB241B239CE25C00664CDF /* LineCommon */ = {
			isa = PBXNativeTarget;
			buildConfigurationList = F0DB2430239CE25F00664CDF /* Build configuration list for PBXNativeTarget "LineCommon" */;
			buildPhases = (
				3BFD12DEB5E621ABB5D35B3D /* [CP] Check Pods Manifest.lock */,
				F0DB2418239CE25C00664CDF /* Sources */,
				F0DB2419239CE25C00664CDF /* Frameworks */,
				F0DB241A239CE25C00664CDF /* Resources */,
				66544FAB366D4F512FB7F3BF /* [CP] Embed Pods Frameworks */,
			);
			buildRules = (
			);
			dependencies = (
			);
			name = LineCommon;
			productName = LineCommon;
			productReference = F0DB241C239CE25C00664CDF /* LineCommon.app */;
			productType = "com.apple.product-type.application";
		};
/* End PBXNativeTarget section */

/* Begin PBXProject section */
		F0DB2414239CE25C00664CDF /* Project object */ = {
			isa = PBXProject;
			attributes = {
				LastSwiftUpdateCheck = 1120;
				LastUpgradeCheck = 1120;
				ORGANIZATIONNAME = "寺田優";
				TargetAttributes = {
					F0DB241B239CE25C00664CDF = {
						CreatedOnToolsVersion = 11.2.1;
					};
				};
			};
			buildConfigurationList = F0DB2417239CE25C00664CDF /* Build configuration list for PBXProject "LineCommon" */;
			compatibilityVersion = "Xcode 9.3";
			developmentRegion = en;
			hasScannedForEncodings = 0;
			knownRegions = (
				en,
				Base,
			);
			mainGroup = F0DB2413239CE25C00664CDF;
			productRefGroup = F0DB241D239CE25C00664CDF /* Products */;
			projectDirPath = "";
			projectRoot = "";
			targets = (
				F0DB241B239CE25C00664CDF /* LineCommon */,
			);
		};
/* End PBXProject section */

/* Begin PBXResourcesBuildPhase section */
		F0DB241A239CE25C00664CDF /* Resources */ = {
			isa = PBXResourcesBuildPhase;
			buildActionMask = 2147483647;
			files = (
				F0DB242C239CE25F00664CDF /* LaunchScreen.storyboard in Resources */,
				F0DB2429239CE25F00664CDF /* Assets.xcassets in Resources */,
				F0DB2427239CE25C00664CDF /* Main.storyboard in Resources */,
			);
			runOnlyForDeploymentPostprocessing = 0;
		};
/* End PBXResourcesBuildPhase section */

/* Begin PBXShellScriptBuildPhase section */
		3BFD12DEB5E621ABB5D35B3D /* [CP] Check Pods Manifest.lock */ = {
			isa = PBXShellScriptBuildPhase;
			buildActionMask = 2147483647;
			files = (
			);
			inputFileListPaths = (
			);
			inputPaths = (
				"${PODS_PODFILE_DIR_PATH}/Podfile.lock",
				"${PODS_ROOT}/Manifest.lock",
			);
			name = "[CP] Check Pods Manifest.lock";
			outputFileListPaths = (
			);
			outputPaths = (
				"$(DERIVED_FILE_DIR)/Pods-LineCommon-checkManifestLockResult.txt",
			);
			runOnlyForDeploymentPostprocessing = 0;
			shellPath = /bin/sh;
			shellScript = "diff \"${PODS_PODFILE_DIR_PATH}/Podfile.lock\" \"${PODS_ROOT}/Manifest.lock\" > /dev/null\nif [ $? != 0 ] ; then\n    # print error to STDERR\n    echo \"error: The sandbox is not in sync with the Podfile.lock. Run 'pod install' or update your CocoaPods installation.\" >&2\n    exit 1\nfi\n# This output is used by Xcode 'outputs' to avoid re-running this script phase.\necho \"SUCCESS\" > \"${SCRIPT_OUTPUT_FILE_0}\"\n";
			showEnvVarsInLog = 0;
		};
		66544FAB366D4F512FB7F3BF /* [CP] Embed Pods Frameworks */ = {
			isa = PBXShellScriptBuildPhase;
			buildActionMask = 2147483647;
			files = (
			);
			inputFileListPaths = (
				"${PODS_ROOT}/Target Support Files/Pods-LineCommon/Pods-LineCommon-frameworks-${CONFIGURATION}-input-files.xcfilelist",
			);
			name = "[CP] Embed Pods Frameworks";
			outputFileListPaths = (
				"${PODS_ROOT}/Target Support Files/Pods-LineCommon/Pods-LineCommon-frameworks-${CONFIGURATION}-output-files.xcfilelist",
			);
			runOnlyForDeploymentPostprocessing = 0;
			shellPath = /bin/sh;
			shellScript = "\"${PODS_ROOT}/Target Support Files/Pods-LineCommon/Pods-LineCommon-frameworks.sh\"\n";
			showEnvVarsInLog = 0;
		};
/* End PBXShellScriptBuildPhase section */

/* Begin PBXSourcesBuildPhase section */
		F0DB2418239CE25C00664CDF /* Sources */ = {
			isa = PBXSourcesBuildPhase;
			buildActionMask = 2147483647;
			files = (
				F0DB2424239CE25C00664CDF /* LineShareViewController.swift in Sources */,
				F0DB2439239CE5F300664CDF /* LineSharePresenter.swift in Sources */,
				F0DB2420239CE25C00664CDF /* AppDelegate.swift in Sources */,
				F0DB2422239CE25C00664CDF /* SceneDelegate.swift in Sources */,
				F0DB2437239CE40600664CDF /* LineShareModel.swift in Sources */,
			);
			runOnlyForDeploymentPostprocessing = 0;
		};
/* End PBXSourcesBuildPhase section */

/* Begin PBXVariantGroup section */
		F0DB2425239CE25C00664CDF /* Main.storyboard */ = {
			isa = PBXVariantGroup;
			children = (
				F0DB2426239CE25C00664CDF /* Base */,
			);
			name = Main.storyboard;
			sourceTree = "<group>";
		};
		F0DB242A239CE25F00664CDF /* LaunchScreen.storyboard */ = {
			isa = PBXVariantGroup;
			children = (
				F0DB242B239CE25F00664CDF /* Base */,
			);
			name = LaunchScreen.storyboard;
			sourceTree = "<group>";
		};
/* End PBXVariantGroup section */

/* Begin XCBuildConfiguration section */
		F0DB242E239CE25F00664CDF /* Debug */ = {
			isa = XCBuildConfiguration;
			buildSettings = {
				ALWAYS_SEARCH_USER_PATHS = NO;
				CLANG_ANALYZER_NONNULL = YES;
				CLANG_ANALYZER_NUMBER_OBJECT_CONVERSION = YES_AGGRESSIVE;
				CLANG_CXX_LANGUAGE_STANDARD = "gnu++14";
				CLANG_CXX_LIBRARY = "libc++";
				CLANG_ENABLE_MODULES = YES;
				CLANG_ENABLE_OBJC_ARC = YES;
				CLANG_ENABLE_OBJC_WEAK = YES;
				CLANG_WARN_BLOCK_CAPTURE_AUTORELEASING = YES;
				CLANG_WARN_BOOL_CONVERSION = YES;
				CLANG_WARN_COMMA = YES;
				CLANG_WARN_CONSTANT_CONVERSION = YES;
				CLANG_WARN_DEPRECATED_OBJC_IMPLEMENTATIONS = YES;
				CLANG_WARN_DIRECT_OBJC_ISA_USAGE = YES_ERROR;
				CLANG_WARN_DOCUMENTATION_COMMENTS = YES;
				CLANG_WARN_EMPTY_BODY = YES;
				CLANG_WARN_ENUM_CONVERSION = YES;
				CLANG_WARN_INFINITE_RECURSION = YES;
				CLANG_WARN_INT_CONVERSION = YES;
				CLANG_WARN_NON_LITERAL_NULL_CONVERSION = YES;
				CLANG_WARN_OBJC_IMPLICIT_RETAIN_SELF = YES;
				CLANG_WARN_OBJC_LITERAL_CONVERSION = YES;
				CLANG_WARN_OBJC_ROOT_CLASS = YES_ERROR;
				CLANG_WARN_RANGE_LOOP_ANALYSIS = YES;
				CLANG_WARN_STRICT_PROTOTYPES = YES;
				CLANG_WARN_SUSPICIOUS_MOVE = YES;
				CLANG_WARN_UNGUARDED_AVAILABILITY = YES_AGGRESSIVE;
				CLANG_WARN_UNREACHABLE_CODE = YES;
				CLANG_WARN__DUPLICATE_METHOD_MATCH = YES;
				COPY_PHASE_STRIP = NO;
				DEBUG_INFORMATION_FORMAT = dwarf;
				ENABLE_STRICT_OBJC_MSGSEND = YES;
				ENABLE_TESTABILITY = YES;
				GCC_C_LANGUAGE_STANDARD = gnu11;
				GCC_DYNAMIC_NO_PIC = NO;
				GCC_NO_COMMON_BLOCKS = YES;
				GCC_OPTIMIZATION_LEVEL = 0;
				GCC_PREPROCESSOR_DEFINITIONS = (
					"DEBUG=1",
					"$(inherited)",
				);
				GCC_WARN_64_TO_32_BIT_CONVERSION = YES;
				GCC_WARN_ABOUT_RETURN_TYPE = YES_ERROR;
				GCC_WARN_UNDECLARED_SELECTOR = YES;
				GCC_WARN_UNINITIALIZED_AUTOS = YES_AGGRESSIVE;
				GCC_WARN_UNUSED_FUNCTION = YES;
				GCC_WARN_UNUSED_VARIABLE = YES;
				IPHONEOS_DEPLOYMENT_TARGET = 13.2;
				MTL_ENABLE_DEBUG_INFO = INCLUDE_SOURCE;
				MTL_FAST_MATH = YES;
				ONLY_ACTIVE_ARCH = YES;
				SDKROOT = iphoneos;
				SWIFT_ACTIVE_COMPILATION_CONDITIONS = DEBUG;
				SWIFT_OPTIMIZATION_LEVEL = "-Onone";
			};
			name = Debug;
		};
		F0DB242F239CE25F00664CDF /* Release */ = {
			isa = XCBuildConfiguration;
			buildSettings = {
				ALWAYS_SEARCH_USER_PATHS = NO;
				CLANG_ANALYZER_NONNULL = YES;
				CLANG_ANALYZER_NUMBER_OBJECT_CONVERSION = YES_AGGRESSIVE;
				CLANG_CXX_LANGUAGE_STANDARD = "gnu++14";
				CLANG_CXX_LIBRARY = "libc++";
				CLANG_ENABLE_MODULES = YES;
				CLANG_ENABLE_OBJC_ARC = YES;
				CLANG_ENABLE_OBJC_WEAK = YES;
				CLANG_WARN_BLOCK_CAPTURE_AUTORELEASING = YES;
				CLANG_WARN_BOOL_CONVERSION = YES;
				CLANG_WARN_COMMA = YES;
				CLANG_WARN_CONSTANT_CONVERSION = YES;
				CLANG_WARN_DEPRECATED_OBJC_IMPLEMENTATIONS = YES;
				CLANG_WARN_DIRECT_OBJC_ISA_USAGE = YES_ERROR;
				CLANG_WARN_DOCUMENTATION_COMMENTS = YES;
				CLANG_WARN_EMPTY_BODY = YES;
				CLANG_WARN_ENUM_CONVERSION = YES;
				CLANG_WARN_INFINITE_RECURSION = YES;
				CLANG_WARN_INT_CONVERSION = YES;
				CLANG_WARN_NON_LITERAL_NULL_CONVERSION = YES;
				CLANG_WARN_OBJC_IMPLICIT_RETAIN_SELF = YES;
				CLANG_WARN_OBJC_LITERAL_CONVERSION = YES;
				CLANG_WARN_OBJC_ROOT_CLASS = YES_ERROR;
				CLANG_WARN_RANGE_LOOP_ANALYSIS = YES;
				CLANG_WARN_STRICT_PROTOTYPES = YES;
				CLANG_WARN_SUSPICIOUS_MOVE = YES;
				CLANG_WARN_UNGUARDED_AVAILABILITY = YES_AGGRESSIVE;
				CLANG_WARN_UNREACHABLE_CODE = YES;
				CLANG_WARN__DUPLICATE_METHOD_MATCH = YES;
				COPY_PHASE_STRIP = NO;
				DEBUG_INFORMATION_FORMAT = "dwarf-with-dsym";
				ENABLE_NS_ASSERTIONS = NO;
				ENABLE_STRICT_OBJC_MSGSEND = YES;
				GCC_C_LANGUAGE_STANDARD = gnu11;
				GCC_NO_COMMON_BLOCKS = YES;
				GCC_WARN_64_TO_32_BIT_CONVERSION = YES;
				GCC_WARN_ABOUT_RETURN_TYPE = YES_ERROR;
				GCC_WARN_UNDECLARED_SELECTOR = YES;
				GCC_WARN_UNINITIALIZED_AUTOS = YES_AGGRESSIVE;
				GCC_WARN_UNUSED_FUNCTION = YES;
				GCC_WARN_UNUSED_VARIABLE = YES;
				IPHONEOS_DEPLOYMENT_TARGET = 13.2;
				MTL_ENABLE_DEBUG_INFO = NO;
				MTL_FAST_MATH = YES;
				SDKROOT = iphoneos;
				SWIFT_COMPILATION_MODE = wholemodule;
				SWIFT_OPTIMIZATION_LEVEL = "-O";
				VALIDATE_PRODUCT = YES;
			};
			name = Release;
		};
		F0DB2431239CE25F00664CDF /* Debug */ = {
			isa = XCBuildConfiguration;
			baseConfigurationReference = 7F534AE38901225673E3EB28 /* Pods-LineCommon.debug.xcconfig */;
			buildSettings = {
				ASSETCATALOG_COMPILER_APPICON_NAME = AppIcon;
				CODE_SIGN_STYLE = Automatic;
				DEVELOPMENT_TEAM = L3M6J5V682;
				INFOPLIST_FILE = LineCommon/Info.plist;
				LD_RUNPATH_SEARCH_PATHS = (
					"$(inherited)",
					"@executable_path/Frameworks",
				);
				PRODUCT_BUNDLE_IDENTIFIER = com.gmail.mterada1228.LineCommon;
				PRODUCT_NAME = "$(TARGET_NAME)";
				SWIFT_VERSION = 5.0;
				TARGETED_DEVICE_FAMILY = "1,2";
			};
			name = Debug;
		};
		F0DB2432239CE25F00664CDF /* Release */ = {
			isa = XCBuildConfiguration;
			baseConfigurationReference = B58DD96C4743FAECAE51469A /* Pods-LineCommon.release.xcconfig */;
			buildSettings = {
				ASSETCATALOG_COMPILER_APPICON_NAME = AppIcon;
				CODE_SIGN_STYLE = Automatic;
				DEVELOPMENT_TEAM = L3M6J5V682;
				INFOPLIST_FILE = LineCommon/Info.plist;
				LD_RUNPATH_SEARCH_PATHS = (
					"$(inherited)",
					"@executable_path/Frameworks",
				);
				PRODUCT_BUNDLE_IDENTIFIER = com.gmail.mterada1228.LineCommon;
				PRODUCT_NAME = "$(TARGET_NAME)";
				SWIFT_VERSION = 5.0;
				TARGETED_DEVICE_FAMILY = "1,2";
			};
			name = Release;
		};
/* End XCBuildConfiguration section */

/* Begin XCConfigurationList section */
		F0DB2417239CE25C00664CDF /* Build configuration list for PBXProject "LineCommon" */ = {
			isa = XCConfigurationList;
			buildConfigurations = (
				F0DB242E239CE25F00664CDF /* Debug */,
				F0DB242F239CE25F00664CDF /* Release */,
			);
			defaultConfigurationIsVisible = 0;
			defaultConfigurationName = Release;
		};
		F0DB2430239CE25F00664CDF /* Build configuration list for PBXNativeTarget "LineCommon" */ = {
			isa = XCConfigurationList;
			buildConfigurations = (
				F0DB2431239CE25F00664CDF /* Debug */,
				F0DB2432239CE25F00664CDF /* Release */,
			);
			defaultConfigurationIsVisible = 0;
			defaultConfigurationName = Release;
		};
/* End XCConfigurationList section */
	};
	rootObject = F0DB2414239CE25C00664CDF /* Project object */;
}
